
Microsoft Visual Studio Solution File, Format Version 12.00
# Visual Studio Version 16
VisualStudioVersion = 16.0.29519.181
MinimumVisualStudioVersion = 10.0.40219.1
Project("{FAE04EC0-301F-11D3-BF4B-00C04F79EFBC}") = "Dzvonche", "Dzvonche\Dzvonche.csproj", "{CE668B33-AD3B-4C0E-872F-0ED6CC85A250}"
EndProject
Global
	GlobalSection(SolutionConfigurationPlatforms) = preSolution
		Debug|Any CPU = Debug|Any CPU
		Release|Any CPU = Release|Any CPU
	EndGlobalSection
	GlobalSection(ProjectConfigurationPlatforms) = postSolution
		{CE668B33-AD3B-4C0E-872F-0ED6CC85A250}.Debug|Any CPU.ActiveCfg = Debug|Any CPU
		{CE668B33-AD3B-4C0E-872F-0ED6CC85A250}.Debug|Any CPU.Build.0 = Debug|Any CPU
		{CE668B33-AD3B-4C0E-872F-0ED6CC85A250}.Release|Any CPU.ActiveCfg = Release|Any CPU
		{CE668B33-AD3B-4C0E-872F-0ED6CC85A250}.Release|Any CPU.Build.0 = Release|Any CPU
	EndGlobalSection
	GlobalSection(SolutionProperties) = preSolution
		HideSolutionNode = FALSE
	EndGlobalSection
	GlobalSection(ExtensibilityGlobals) = postSolution
		SolutionGuid = {BB3EEE59-C59A-4691-9FC4-F2D786E8FA2D}
	EndGlobalSection
EndGlobal
